
Microsoft Visual Studio Solution File, Format Version 12.00
# Visual Studio Version 16
VisualStudioVersion = 16.0.30907.101
MinimumVisualStudioVersion = 10.0.40219.1
Project("{FAE04EC0-301F-11D3-BF4B-00C04F79EFBC}") = "Medicine Shop Managment System", "Medicine Shop Managment System.csproj", "{BD2AE39B-4886-4A81-9352-5BFD26B26559}"
EndProject
Global
	GlobalSection(SolutionConfigurationPlatforms) = preSolution
		Debug|Any CPU = Debug|Any CPU
		Release|Any CPU = Release|Any CPU
	EndGlobalSection
	GlobalSection(ProjectConfigurationPlatforms) = postSolution
		{BD2AE39B-4886-4A81-9352-5BFD26B26559}.Debug|Any CPU.ActiveCfg = Debug|Any CPU
		{BD2AE39B-4886-4A81-9352-5BFD26B26559}.Debug|Any CPU.Build.0 = Debug|Any CPU
		{BD2AE39B-4886-4A81-9352-5BFD26B26559}.Release|Any CPU.ActiveCfg = Release|Any CPU
		{BD2AE39B-4886-4A81-9352-5BFD26B26559}.Release|Any CPU.Build.0 = Release|Any CPU
	EndGlobalSection
	GlobalSection(SolutionProperties) = preSolution
		HideSolutionNode = FALSE
	EndGlobalSection
	GlobalSection(ExtensibilityGlobals) = postSolution
		SolutionGuid = {ACB0AE04-2908-41A9-B1AD-DC1E05407627}
	EndGlobalSection
EndGlobal
